Microsoft Visual Studio Solution File, Format Version 12.00
# Visual Studio Version 17
VisualStudioVersion = 17.5.2.0
MinimumVisualStudioVersion = 10.0.40219.1
Project("{FAE04EC0-301F-11D3-BF4B-00C04F79EFBC}") = "Purchase.Transaction.Api", "Purchase.Transaction.Api.csproj", "{A5611211-89D0-7F5A-BC53-9F6E0F4BB795}"
EndProject
Global
	GlobalSection(SolutionConfigurationPlatforms) = preSolution
		Debug|Any CPU = Debug|Any CPU
		Release|Any CPU = Release|Any CPU
	EndGlobalSection
	GlobalSection(ProjectConfigurationPlatforms) = postSolution
		{A5611211-89D0-7F5A-BC53-9F6E0F4BB795}.Debug|Any CPU.ActiveCfg = Debug|Any CPU
		{A5611211-89D0-7F5A-BC53-9F6E0F4BB795}.Debug|Any CPU.Build.0 = Debug|Any CPU
		{A5611211-89D0-7F5A-BC53-9F6E0F4BB795}.Release|Any CPU.ActiveCfg = Release|Any CPU
		{A5611211-89D0-7F5A-BC53-9F6E0F4BB795}.Release|Any CPU.Build.0 = Release|Any CPU
	EndGlobalSection
	GlobalSection(SolutionProperties) = preSolution
		HideSolutionNode = FALSE
	EndGlobalSection
	GlobalSection(ExtensibilityGlobals) = postSolution
		SolutionGuid = {8D4445CF-7280-43C1-BE94-CEB7D2F77211}
	EndGlobalSection
EndGlobal
